
Microsoft Visual Studio Solution File, Format Version 12.00
# Visual Studio Version 16
VisualStudioVersion = 25.0.1706.9
MinimumVisualStudioVersion = 10.0.40219.1
Project("{FAE04EC0-301F-11D3-BF4B-00C04F79EFBC}") = "Maaş Kesintisi task", "Maaş Kesintisi task\Maaş Kesintisi task.csproj", "{8E1C2DBC-6109-4568-BD1A-F08500331E8D}"
EndProject
Global
	GlobalSection(SolutionConfigurationPlatforms) = preSolution
		Debug|Any CPU = Debug|Any CPU
		Release|Any CPU = Release|Any CPU
	EndGlobalSection
	GlobalSection(ProjectConfigurationPlatforms) = postSolution
		{8E1C2DBC-6109-4568-BD1A-F08500331E8D}.Debug|Any CPU.ActiveCfg = Debug|Any CPU
		{8E1C2DBC-6109-4568-BD1A-F08500331E8D}.Debug|Any CPU.Build.0 = Debug|Any CPU
		{8E1C2DBC-6109-4568-BD1A-F08500331E8D}.Release|Any CPU.ActiveCfg = Release|Any CPU
		{8E1C2DBC-6109-4568-BD1A-F08500331E8D}.Release|Any CPU.Build.0 = Release|Any CPU
	EndGlobalSection
	GlobalSection(SolutionProperties) = preSolution
		HideSolutionNode = FALSE
	EndGlobalSection
	GlobalSection(ExtensibilityGlobals) = postSolution
		SolutionGuid = {B414547D-C7C7-41BC-B03B-38A636C7D718}
	EndGlobalSection
EndGlobal
